github.com/halilylm/gommon v1.1.20 h1:l8OF/YeCfYrowL+GiGtUYcM11EFUKItkXGMABklvdls=
github.com/halilylm/gommon v1.1.20/go.mod h1:0hNy3ROc6qaT3hEUf8mg2hdPonWh5KHvR8nAw0mEriU=
github.com/halilylm/gommon v1.1.21 h1:53rgTnPZ7NCt1PHzEovu/aqK1Kn6ouEOoeAqOqShsrI=
github.com/halilylm/gommon v1.1.21/go.mod h1:0hNy3ROc6qaT3hEUf8mg2hdPonWh5KHvR8nAw0mEriU=
github.com/halilylm/gommon v1.1.22 h1:+5mkwGtBc1bH9+DfSC7yBBaWNVmm927fO7/rP+YXI8k=
github.com/halilylm/gommon v1.1.22/go.mod h1:0hNy3ROc6qaT3hEUf8mg2hdPonWh5KHvR8nAw0mEriU=
